
Microsoft Visual Studio Solution File, Format Version 12.00
# Visual Studio 15
VisualStudioVersion = 15.0.27428.2027
MinimumVisualStudioVersion = 10.0.40219.1
Project("{FAE04EC0-301F-11D3-BF4B-00C04F79EFBC}") = "SERVER", "CHAT\SERVER.csproj", "{C58320BB-0518-47F9-A690-A81EFE7B2A95}"
EndProject
Project("{FAE04EC0-301F-11D3-BF4B-00C04F79EFBC}") = "CLIENT", "CLIENT\CLIENT.csproj", "{394BBF17-5E34-4A14-B8DD-359C8C3F4960}"
EndProject
Global
	GlobalSection(SolutionConfigurationPlatforms) = preSolution
		Debug|Any CPU = Debug|Any CPU
		Release|Any CPU = Release|Any CPU
	EndGlobalSection
	GlobalSection(ProjectConfigurationPlatforms) = postSolution
		{C58320BB-0518-47F9-A690-A81EFE7B2A95}.Debug|Any CPU.ActiveCfg = Debug|Any CPU
		{C58320BB-0518-47F9-A690-A81EFE7B2A95}.Debug|Any CPU.Build.0 = Debug|Any CPU
		{C58320BB-0518-47F9-A690-A81EFE7B2A95}.Release|Any CPU.ActiveCfg = Release|Any CPU
		{C58320BB-0518-47F9-A690-A81EFE7B2A95}.Release|Any CPU.Build.0 = Release|Any CPU
		{394BBF17-5E34-4A14-B8DD-359C8C3F4960}.Debug|Any CPU.ActiveCfg = Debug|Any CPU
		{394BBF17-5E34-4A14-B8DD-359C8C3F4960}.Debug|Any CPU.Build.0 = Debug|Any CPU
		{394BBF17-5E34-4A14-B8DD-359C8C3F4960}.Release|Any CPU.ActiveCfg = Release|Any CPU
		{394BBF17-5E34-4A14-B8DD-359C8C3F4960}.Release|Any CPU.Build.0 = Release|Any CPU
	EndGlobalSection
	GlobalSection(SolutionProperties) = preSolution
		HideSolutionNode = FALSE
	EndGlobalSection
	GlobalSection(ExtensibilityGlobals) = postSolution
		SolutionGuid = {8FF18FE2-D54E-4609-A1CD-7C86391AAF30}
	EndGlobalSection
EndGlobal
